{
  "requires": true,
  "lockfileVersion": 1,
  "dependencies": {
    "@ionic-native/base64": {
      "version": "4.17.0",
      "resolved": "https://registry.npmjs.org/@ionic-native/base64/-/base64-4.17.0.tgz",
      "integrity": "sha512-vi37u80x6qJrD6+88DhNO1dffKs4AtPseyfHFynPQ8HC5NNDP7IksT+mEFfxvRPom0I4GYmIu0lUeycA8TM1Aw=="
    }
  }
}
